
Microsoft Visual Studio Solution File, Format Version 12.00
# Visual Studio Version 17
VisualStudioVersion = 17.13.35806.99
MinimumVisualStudioVersion = 10.0.40219.1
Project("{FAE04EC0-301F-11D3-BF4B-00C04F79EFBC}") = "ProjektZaliczeniowy", "ProjektZaliczeniowy.csproj", "{FC984DEF-AE7C-4C5E-A142-2D2E3413E7CD}"
EndProject
Project("{FAE04EC0-301F-11D3-BF4B-00C04F79EFBC}") = "Zaleznosci.Tests", "..\Zaleznosci.Tests\Zaleznosci.Tests.csproj", "{D1234F68-B22C-4972-8FD1-BE93AFEB429F}"
EndProject
Global
	GlobalSection(SolutionConfigurationPlatforms) = preSolution
		Debug|Any CPU = Debug|Any CPU
		Release|Any CPU = Release|Any CPU
	EndGlobalSection
	GlobalSection(ProjectConfigurationPlatforms) = postSolution
		{FC984DEF-AE7C-4C5E-A142-2D2E3413E7CD}.Debug|Any CPU.ActiveCfg = Debug|Any CPU
		{FC984DEF-AE7C-4C5E-A142-2D2E3413E7CD}.Debug|Any CPU.Build.0 = Debug|Any CPU
		{FC984DEF-AE7C-4C5E-A142-2D2E3413E7CD}.Release|Any CPU.ActiveCfg = Release|Any CPU
		{FC984DEF-AE7C-4C5E-A142-2D2E3413E7CD}.Release|Any CPU.Build.0 = Release|Any CPU
		{D1234F68-B22C-4972-8FD1-BE93AFEB429F}.Debug|Any CPU.ActiveCfg = Debug|Any CPU
		{D1234F68-B22C-4972-8FD1-BE93AFEB429F}.Debug|Any CPU.Build.0 = Debug|Any CPU
		{D1234F68-B22C-4972-8FD1-BE93AFEB429F}.Release|Any CPU.ActiveCfg = Release|Any CPU
		{D1234F68-B22C-4972-8FD1-BE93AFEB429F}.Release|Any CPU.Build.0 = Release|Any CPU
	EndGlobalSection
	GlobalSection(SolutionProperties) = preSolution
		HideSolutionNode = FALSE
	EndGlobalSection
	GlobalSection(ExtensibilityGlobals) = postSolution
		SolutionGuid = {9954E9C5-A1C4-4DB2-9D8A-50B0B52482FE}
	EndGlobalSection
EndGlobal
